
Microsoft Visual Studio Solution File, Format Version 12.00
# Visual Studio Version 16
VisualStudioVersion = 16.0.29209.62
MinimumVisualStudioVersion = 10.0.40219.1
Project("{FAE04EC0-301F-11D3-BF4B-00C04F79EFBC}") = "HeavyBatteries", "HeavyBatteries\HeavyBatteries.csproj", "{C71FF474-AB8F-4D03-9039-B40BE10DE15D}"
EndProject
Global
	GlobalSection(SolutionConfigurationPlatforms) = preSolution
		Debug|Any CPU = Debug|Any CPU
		Release|Any CPU = Release|Any CPU
	EndGlobalSection
	GlobalSection(ProjectConfigurationPlatforms) = postSolution
		{C71FF474-AB8F-4D03-9039-B40BE10DE15D}.Debug|Any CPU.ActiveCfg = Debug|Any CPU
		{C71FF474-AB8F-4D03-9039-B40BE10DE15D}.Debug|Any CPU.Build.0 = Debug|Any CPU
		{C71FF474-AB8F-4D03-9039-B40BE10DE15D}.Release|Any CPU.ActiveCfg = Release|Any CPU
		{C71FF474-AB8F-4D03-9039-B40BE10DE15D}.Release|Any CPU.Build.0 = Release|Any CPU
	EndGlobalSection
	GlobalSection(SolutionProperties) = preSolution
		HideSolutionNode = FALSE
	EndGlobalSection
	GlobalSection(ExtensibilityGlobals) = postSolution
		SolutionGuid = {42BB640E-BE51-4B8B-B1DC-6E7B49431395}
	EndGlobalSection
EndGlobal
